
Microsoft Visual Studio Solution File, Format Version 12.00
# Visual Studio 15
VisualStudioVersion = 15.0.28307.572
MinimumVisualStudioVersion = 10.0.40219.1
Project("{9A19103F-16F7-4668-BE54-9A1E7A4F7556}") = "MyMvc", "MyMvc.csproj", "{D44759C9-7993-49BB-8C33-44F8637A2536}"
EndProject
Global
	GlobalSection(SolutionConfigurationPlatforms) = preSolution
		Debug|Any CPU = Debug|Any CPU
		Release|Any CPU = Release|Any CPU
	EndGlobalSection
	GlobalSection(ProjectConfigurationPlatforms) = postSolution
		{D44759C9-7993-49BB-8C33-44F8637A2536}.Debug|Any CPU.ActiveCfg = Debug|Any CPU
		{D44759C9-7993-49BB-8C33-44F8637A2536}.Debug|Any CPU.Build.0 = Debug|Any CPU
		{D44759C9-7993-49BB-8C33-44F8637A2536}.Release|Any CPU.ActiveCfg = Release|Any CPU
		{D44759C9-7993-49BB-8C33-44F8637A2536}.Release|Any CPU.Build.0 = Release|Any CPU
	EndGlobalSection
	GlobalSection(SolutionProperties) = preSolution
		HideSolutionNode = FALSE
	EndGlobalSection
	GlobalSection(ExtensibilityGlobals) = postSolution
		SolutionGuid = {BB08FEC9-599A-4B4F-8EED-B8317ED2C8AC}
	EndGlobalSection
EndGlobal
